
Microsoft Visual Studio Solution File, Format Version 12.00
# Visual Studio Version 17
VisualStudioVersion = 17.0.31903.59
MinimumVisualStudioVersion = 10.0.40219.1
Project("{2150E333-8FDC-42A3-9474-1A3956D46DE8}") = "Services", "Services", "{E62116DA-9F4F-42D3-8B52-3D2024D6661D}"
EndProject
Project("{2150E333-8FDC-42A3-9474-1A3956D46DE8}") = "BazarChe.Catalog", "BazarChe.Catalog", "{3E55D714-1E68-43ED-9E27-65E58F0F168C}"
EndProject
Project("{9A19103F-16F7-4668-BE54-9A1E7A4F7556}") = "Catalog.Api", "Services\BazarChe.Catalog\Catalog.Api\Catalog.Api.csproj", "{8DC933CF-941F-4DD4-9E21-744101652419}"
EndProject
Project("{E53339B2-1760-4266-BCC7-CA923CBCF16C}") = "docker-compose", "docker-compose.dcproj", "{105D77CC-44F7-4739-B667-47EB4EA3688E}"
EndProject
Project("{2150E333-8FDC-42A3-9474-1A3956D46DE8}") = "BazarChe.Media", "BazarChe.Media", "{9A8D94C5-CE7E-496F-86E5-B37781E2D9D2}"
EndProject
Project("{FAE04EC0-301F-11D3-BF4B-00C04F79EFBC}") = "Media.Api", "Services\BazarChe.Media\Media.Api\Media.Api.csproj", "{FA285461-297F-4B89-B3E0-B60B1B6E0A5A}"
EndProject
Project("{2150E333-8FDC-42A3-9474-1A3956D46DE8}") = "BazarChe.Liaro", "BazarChe.Liaro", "{D3B242C6-4BCA-4838-B348-B29D30CBAAC1}"
EndProject
Project("{FAE04EC0-301F-11D3-BF4B-00C04F79EFBC}") = "Liaro.Api", "Services\BazarChe.Liaro\Liaro.Api\Liaro.Api.csproj", "{F5624895-7445-418A-AA20-00BBE283CEEF}"
EndProject
Project("{2150E333-8FDC-42A3-9474-1A3956D46DE8}") = "BazarChe.Affiliate", "BazarChe.Affiliate", "{A610EDEB-458E-4916-BE7E-73928A14C787}"
EndProject
Project("{FAE04EC0-301F-11D3-BF4B-00C04F79EFBC}") = "Affiliate.Api", "Services\BazarChe.Affiliate\Affiliate.Api\Affiliate.Api.csproj", "{660F7244-696C-41D0-8E93-C93879652549}"
EndProject
Project("{2150E333-8FDC-42A3-9474-1A3956D46DE8}") = "BazarChe.Basket", "BazarChe.Basket", "{1482D382-CAAD-45A9-86DD-60FCB5C3E5F5}"
EndProject
Project("{FAE04EC0-301F-11D3-BF4B-00C04F79EFBC}") = "Basket.Api", "Services\BazarChe.Basket\Basket.Api\Basket.Api.csproj", "{E0CA16E6-A403-4A89-B796-EE36DAEA704A}"
EndProject
Project("{2150E333-8FDC-42A3-9474-1A3956D46DE8}") = "BazarChe.Chat", "BazarChe.Chat", "{CB44836B-FDDA-4286-ADBE-D38C25C1A20A}"
EndProject
Project("{FAE04EC0-301F-11D3-BF4B-00C04F79EFBC}") = "Chat.Api", "Services\BazarChe.Chat\Chat.Api\Chat.Api.csproj", "{D33BFD1D-EA61-4EC1-A6FE-DEF194C4A672}"
EndProject
Project("{2150E333-8FDC-42A3-9474-1A3956D46DE8}") = "BazarChe.Discount", "BazarChe.Discount", "{CEDEFF9B-8C2E-4398-88FE-EBAD7855A30F}"
EndProject
Project("{FAE04EC0-301F-11D3-BF4B-00C04F79EFBC}") = "Discount.Api", "Services\BazarChe.Discount\Discount.Api\Discount.Api.csproj", "{A03C9116-2F21-48E1-9BD4-37EA7C567E4E}"
EndProject
Project("{FAE04EC0-301F-11D3-BF4B-00C04F79EFBC}") = "Discount.Grpc", "Services\BazarChe.Discount\Discount.Grpc\Discount.Grpc.csproj", "{CC14239A-5BB6-4802-A7B1-006E3B0AB0C9}"
EndProject
Project("{2150E333-8FDC-42A3-9474-1A3956D46DE8}") = "BazarChe.Feedback", "BazarChe.Feedback", "{89F981C6-20B3-4AEA-8568-E4243B8AD89E}"
EndProject
Project("{FAE04EC0-301F-11D3-BF4B-00C04F79EFBC}") = "Feedback.Api", "Services\BazarChe.Feedback\Feedback.Api\Feedback.Api.csproj", "{8B82AB58-6CBE-4745-A7EC-964CB9001E56}"
EndProject
Project("{2150E333-8FDC-42A3-9474-1A3956D46DE8}") = "BazarChe.Inventory", "BazarChe.Inventory", "{B6ECA987-944C-452A-9610-CBA422960FF7}"
EndProject
Project("{FAE04EC0-301F-11D3-BF4B-00C04F79EFBC}") = "Inventory.Api", "Services\BazarChe.Inventory\Inventory.Api\Inventory.Api.csproj", "{246EF1DA-50EE-4CC1-9426-ABED709529B6}"
EndProject
Project("{2150E333-8FDC-42A3-9474-1A3956D46DE8}") = "BazarChe.Notifire", "BazarChe.Notifire", "{0C300715-BAFD-421C-A4B0-D921FC959EC5}"
EndProject
Project("{FAE04EC0-301F-11D3-BF4B-00C04F79EFBC}") = "Notifire.Api", "Services\BazarChe.Notifire\Notifire.Api\Notifire.Api.csproj", "{556BC8CA-8C7F-4D9F-8259-8E68F8C2B2A8}"
EndProject
Project("{2150E333-8FDC-42A3-9474-1A3956D46DE8}") = "BazarChe.Order", "BazarChe.Order", "{0912619C-0B25-48C0-AC5E-F35FBAC80049}"
EndProject
Project("{FAE04EC0-301F-11D3-BF4B-00C04F79EFBC}") = "Order.Api", "Services\BazarChe.Order\Order.Api\Order.Api.csproj", "{AF199442-810B-42CC-B063-C1258E0ECA3C}"
EndProject
Project("{FAE04EC0-301F-11D3-BF4B-00C04F79EFBC}") = "Order.Application", "Services\BazarChe.Order\Order.Application\Order.Application.csproj", "{63179082-5BA5-44D4-B3F9-59AF1D88B20F}"
EndProject
Project("{FAE04EC0-301F-11D3-BF4B-00C04F79EFBC}") = "Order.Domain", "Services\BazarChe.Order\Order.Domain\Order.Domain.csproj", "{A3657FD5-9953-469B-8488-CD24AFD459E6}"
EndProject
Project("{FAE04EC0-301F-11D3-BF4B-00C04F79EFBC}") = "Order.Infrastructure", "Services\BazarChe.Order\Order.Infrastructure\Order.Infrastructure.csproj", "{173EB86E-7FD9-4AB5-BB53-465934CD72C3}"
EndProject
Project("{2150E333-8FDC-42A3-9474-1A3956D46DE8}") = "BazarChe.Payment", "BazarChe.Payment", "{6D104641-5933-4BCE-8DC8-983187128197}"
EndProject
Project("{FAE04EC0-301F-11D3-BF4B-00C04F79EFBC}") = "Payment.Api", "Services\BazarChe.Payment\Payment.Api\Payment.Api.csproj", "{874DD577-9970-4C02-A042-5D19A624984C}"
EndProject
Project("{2150E333-8FDC-42A3-9474-1A3956D46DE8}") = "BazarChe.Profile", "BazarChe.Profile", "{A3887C7E-553C-4E65-A280-761D68FD6D0A}"
EndProject
Project("{FAE04EC0-301F-11D3-BF4B-00C04F79EFBC}") = "Profile.Api", "Services\BazarChe.Profile\Profile.Api\Profile.Api.csproj", "{F49AFCFB-2614-4CB9-A401-B223C928DAD0}"
EndProject
Project("{FAE04EC0-301F-11D3-BF4B-00C04F79EFBC}") = "Profile.Application", "Services\BazarChe.Profile\Profile.Application\Profile.Application.csproj", "{425CEB65-1616-4E54-AFC8-521CAC979202}"
EndProject
Project("{FAE04EC0-301F-11D3-BF4B-00C04F79EFBC}") = "Profile.Domain", "Services\BazarChe.Profile\Profile.Domain\Profile.Domain.csproj", "{E5F7A2BD-FDEC-4521-AF0B-EAED0D230E61}"
EndProject
Project("{FAE04EC0-301F-11D3-BF4B-00C04F79EFBC}") = "Profile.Infrastructure", "Services\BazarChe.Profile\Profile.Infrastructure\Profile.Infrastructure.csproj", "{D8C1A105-C0E7-4D21-9DF4-2E665E02C429}"
EndProject
Project("{2150E333-8FDC-42A3-9474-1A3956D46DE8}") = "BazarChe.Reaction", "BazarChe.Reaction", "{065939AF-155E-4C9C-B0B3-472E75F39C0C}"
EndProject
Project("{FAE04EC0-301F-11D3-BF4B-00C04F79EFBC}") = "Reaction.Api", "Services\BazarChe.Reaction\Reaction.Api\Reaction.Api.csproj", "{1EF6CAE9-A577-4505-8AF2-0F2BB666F230}"
EndProject
Project("{2150E333-8FDC-42A3-9474-1A3956D46DE8}") = "BazarChe.Reminder", "BazarChe.Reminder", "{B6BA1C53-1250-48FE-9BCC-B0663CDD33C6}"
EndProject
Project("{FAE04EC0-301F-11D3-BF4B-00C04F79EFBC}") = "Reminder.Api", "Services\BazarChe.Reminder\Reminder.Api\Reminder.Api.csproj", "{FEED9D13-2C81-4D48-BB82-FF2B3ED45016}"
EndProject
Project("{2150E333-8FDC-42A3-9474-1A3956D46DE8}") = "BazarChe.Search", "BazarChe.Search", "{CD5233E5-9FF3-462D-AA5D-6DC8E52793DC}"
EndProject
Project("{FAE04EC0-301F-11D3-BF4B-00C04F79EFBC}") = "Search.Api", "Services\BazarChe.Search\Search.Api\Search.Api.csproj", "{14265659-A5A9-41BE-B8DD-8D07441FD148}"
EndProject
Project("{2150E333-8FDC-42A3-9474-1A3956D46DE8}") = "BazarChe.Wallet", "BazarChe.Wallet", "{D827B875-3A39-488A-882C-1A6E34C4F2C3}"
EndProject
Project("{FAE04EC0-301F-11D3-BF4B-00C04F79EFBC}") = "Wallet.Api", "Services\BazarChe.Wallet\Wallet.Api\Wallet.Api.csproj", "{2BA1636F-A3E6-4786-9F20-9544304D49B0}"
EndProject
Global
	GlobalSection(SolutionConfigurationPlatforms) = preSolution
		Debug|Any CPU = Debug|Any CPU
		Release|Any CPU = Release|Any CPU
	EndGlobalSection
	GlobalSection(ProjectConfigurationPlatforms) = postSolution
		{8DC933CF-941F-4DD4-9E21-744101652419}.Debug|Any CPU.ActiveCfg = Debug|Any CPU
		{8DC933CF-941F-4DD4-9E21-744101652419}.Debug|Any CPU.Build.0 = Debug|Any CPU
		{8DC933CF-941F-4DD4-9E21-744101652419}.Release|Any CPU.ActiveCfg = Release|Any CPU
		{8DC933CF-941F-4DD4-9E21-744101652419}.Release|Any CPU.Build.0 = Release|Any CPU
		{105D77CC-44F7-4739-B667-47EB4EA3688E}.Debug|Any CPU.ActiveCfg = Debug|Any CPU
		{105D77CC-44F7-4739-B667-47EB4EA3688E}.Debug|Any CPU.Build.0 = Debug|Any CPU
		{105D77CC-44F7-4739-B667-47EB4EA3688E}.Release|Any CPU.ActiveCfg = Release|Any CPU
		{105D77CC-44F7-4739-B667-47EB4EA3688E}.Release|Any CPU.Build.0 = Release|Any CPU
		{FA285461-297F-4B89-B3E0-B60B1B6E0A5A}.Debug|Any CPU.ActiveCfg = Debug|Any CPU
		{FA285461-297F-4B89-B3E0-B60B1B6E0A5A}.Debug|Any CPU.Build.0 = Debug|Any CPU
		{FA285461-297F-4B89-B3E0-B60B1B6E0A5A}.Release|Any CPU.ActiveCfg = Release|Any CPU
		{FA285461-297F-4B89-B3E0-B60B1B6E0A5A}.Release|Any CPU.Build.0 = Release|Any CPU
		{F5624895-7445-418A-AA20-00BBE283CEEF}.Debug|Any CPU.ActiveCfg = Debug|Any CPU
		{F5624895-7445-418A-AA20-00BBE283CEEF}.Debug|Any CPU.Build.0 = Debug|Any CPU
		{F5624895-7445-418A-AA20-00BBE283CEEF}.Release|Any CPU.ActiveCfg = Release|Any CPU
		{F5624895-7445-418A-AA20-00BBE283CEEF}.Release|Any CPU.Build.0 = Release|Any CPU
		{660F7244-696C-41D0-8E93-C93879652549}.Debug|Any CPU.ActiveCfg = Debug|Any CPU
		{660F7244-696C-41D0-8E93-C93879652549}.Debug|Any CPU.Build.0 = Debug|Any CPU
		{660F7244-696C-41D0-8E93-C93879652549}.Release|Any CPU.ActiveCfg = Release|Any CPU
		{660F7244-696C-41D0-8E93-C93879652549}.Release|Any CPU.Build.0 = Release|Any CPU
		{E0CA16E6-A403-4A89-B796-EE36DAEA704A}.Debug|Any CPU.ActiveCfg = Debug|Any CPU
		{E0CA16E6-A403-4A89-B796-EE36DAEA704A}.Debug|Any CPU.Build.0 = Debug|Any CPU
		{E0CA16E6-A403-4A89-B796-EE36DAEA704A}.Release|Any CPU.ActiveCfg = Release|Any CPU
		{E0CA16E6-A403-4A89-B796-EE36DAEA704A}.Release|Any CPU.Build.0 = Release|Any CPU
		{D33BFD1D-EA61-4EC1-A6FE-DEF194C4A672}.Debug|Any CPU.ActiveCfg = Debug|Any CPU
		{D33BFD1D-EA61-4EC1-A6FE-DEF194C4A672}.Debug|Any CPU.Build.0 = Debug|Any CPU
		{D33BFD1D-EA61-4EC1-A6FE-DEF194C4A672}.Release|Any CPU.ActiveCfg = Release|Any CPU
		{D33BFD1D-EA61-4EC1-A6FE-DEF194C4A672}.Release|Any CPU.Build.0 = Release|Any CPU
		{A03C9116-2F21-48E1-9BD4-37EA7C567E4E}.Debug|Any CPU.ActiveCfg = Debug|Any CPU
		{A03C9116-2F21-48E1-9BD4-37EA7C567E4E}.Debug|Any CPU.Build.0 = Debug|Any CPU
		{A03C9116-2F21-48E1-9BD4-37EA7C567E4E}.Release|Any CPU.ActiveCfg = Release|Any CPU
		{A03C9116-2F21-48E1-9BD4-37EA7C567E4E}.Release|Any CPU.Build.0 = Release|Any CPU
		{CC14239A-5BB6-4802-A7B1-006E3B0AB0C9}.Debug|Any CPU.ActiveCfg = Debug|Any CPU
		{CC14239A-5BB6-4802-A7B1-006E3B0AB0C9}.Debug|Any CPU.Build.0 = Debug|Any CPU
		{CC14239A-5BB6-4802-A7B1-006E3B0AB0C9}.Release|Any CPU.ActiveCfg = Release|Any CPU
		{CC14239A-5BB6-4802-A7B1-006E3B0AB0C9}.Release|Any CPU.Build.0 = Release|Any CPU
		{8B82AB58-6CBE-4745-A7EC-964CB9001E56}.Debug|Any CPU.ActiveCfg = Debug|Any CPU
		{8B82AB58-6CBE-4745-A7EC-964CB9001E56}.Debug|Any CPU.Build.0 = Debug|Any CPU
		{8B82AB58-6CBE-4745-A7EC-964CB9001E56}.Release|Any CPU.ActiveCfg = Release|Any CPU
		{8B82AB58-6CBE-4745-A7EC-964CB9001E56}.Release|Any CPU.Build.0 = Release|Any CPU
		{246EF1DA-50EE-4CC1-9426-ABED709529B6}.Debug|Any CPU.ActiveCfg = Debug|Any CPU
		{246EF1DA-50EE-4CC1-9426-ABED709529B6}.Debug|Any CPU.Build.0 = Debug|Any CPU
		{246EF1DA-50EE-4CC1-9426-ABED709529B6}.Release|Any CPU.ActiveCfg = Release|Any CPU
		{246EF1DA-50EE-4CC1-9426-ABED709529B6}.Release|Any CPU.Build.0 = Release|Any CPU
		{556BC8CA-8C7F-4D9F-8259-8E68F8C2B2A8}.Debug|Any CPU.ActiveCfg = Debug|Any CPU
		{556BC8CA-8C7F-4D9F-8259-8E68F8C2B2A8}.Debug|Any CPU.Build.0 = Debug|Any CPU
		{556BC8CA-8C7F-4D9F-8259-8E68F8C2B2A8}.Release|Any CPU.ActiveCfg = Release|Any CPU
		{556BC8CA-8C7F-4D9F-8259-8E68F8C2B2A8}.Release|Any CPU.Build.0 = Release|Any CPU
		{AF199442-810B-42CC-B063-C1258E0ECA3C}.Debug|Any CPU.ActiveCfg = Debug|Any CPU
		{AF199442-810B-42CC-B063-C1258E0ECA3C}.Debug|Any CPU.Build.0 = Debug|Any CPU
		{AF199442-810B-42CC-B063-C1258E0ECA3C}.Release|Any CPU.ActiveCfg = Release|Any CPU
		{AF199442-810B-42CC-B063-C1258E0ECA3C}.Release|Any CPU.Build.0 = Release|Any CPU
		{63179082-5BA5-44D4-B3F9-59AF1D88B20F}.Debug|Any CPU.ActiveCfg = Debug|Any CPU
		{63179082-5BA5-44D4-B3F9-59AF1D88B20F}.Debug|Any CPU.Build.0 = Debug|Any CPU
		{63179082-5BA5-44D4-B3F9-59AF1D88B20F}.Release|Any CPU.ActiveCfg = Release|Any CPU
		{63179082-5BA5-44D4-B3F9-59AF1D88B20F}.Release|Any CPU.Build.0 = Release|Any CPU
		{A3657FD5-9953-469B-8488-CD24AFD459E6}.Debug|Any CPU.ActiveCfg = Debug|Any CPU
		{A3657FD5-9953-469B-8488-CD24AFD459E6}.Debug|Any CPU.Build.0 = Debug|Any CPU
		{A3657FD5-9953-469B-8488-CD24AFD459E6}.Release|Any CPU.ActiveCfg = Release|Any CPU
		{A3657FD5-9953-469B-8488-CD24AFD459E6}.Release|Any CPU.Build.0 = Release|Any CPU
		{173EB86E-7FD9-4AB5-BB53-465934CD72C3}.Debug|Any CPU.ActiveCfg = Debug|Any CPU
		{173EB86E-7FD9-4AB5-BB53-465934CD72C3}.Debug|Any CPU.Build.0 = Debug|Any CPU
		{173EB86E-7FD9-4AB5-BB53-465934CD72C3}.Release|Any CPU.ActiveCfg = Release|Any CPU
		{173EB86E-7FD9-4AB5-BB53-465934CD72C3}.Release|Any CPU.Build.0 = Release|Any CPU
		{874DD577-9970-4C02-A042-5D19A624984C}.Debug|Any CPU.ActiveCfg = Debug|Any CPU
		{874DD577-9970-4C02-A042-5D19A624984C}.Debug|Any CPU.Build.0 = Debug|Any CPU
		{874DD577-9970-4C02-A042-5D19A624984C}.Release|Any CPU.ActiveCfg = Release|Any CPU
		{874DD577-9970-4C02-A042-5D19A624984C}.Release|Any CPU.Build.0 = Release|Any CPU
		{F49AFCFB-2614-4CB9-A401-B223C928DAD0}.Debug|Any CPU.ActiveCfg = Debug|Any CPU
		{F49AFCFB-2614-4CB9-A401-B223C928DAD0}.Debug|Any CPU.Build.0 = Debug|Any CPU
		{F49AFCFB-2614-4CB9-A401-B223C928DAD0}.Release|Any CPU.ActiveCfg = Release|Any CPU
		{F49AFCFB-2614-4CB9-A401-B223C928DAD0}.Release|Any CPU.Build.0 = Release|Any CPU
		{425CEB65-1616-4E54-AFC8-521CAC979202}.Debug|Any CPU.ActiveCfg = Debug|Any CPU
		{425CEB65-1616-4E54-AFC8-521CAC979202}.Debug|Any CPU.Build.0 = Debug|Any CPU
		{425CEB65-1616-4E54-AFC8-521CAC979202}.Release|Any CPU.ActiveCfg = Release|Any CPU
		{425CEB65-1616-4E54-AFC8-521CAC979202}.Release|Any CPU.Build.0 = Release|Any CPU
		{E5F7A2BD-FDEC-4521-AF0B-EAED0D230E61}.Debug|Any CPU.ActiveCfg = Debug|Any CPU
		{E5F7A2BD-FDEC-4521-AF0B-EAED0D230E61}.Debug|Any CPU.Build.0 = Debug|Any CPU
		{E5F7A2BD-FDEC-4521-AF0B-EAED0D230E61}.Release|Any CPU.ActiveCfg = Release|Any CPU
		{E5F7A2BD-FDEC-4521-AF0B-EAED0D230E61}.Release|Any CPU.Build.0 = Release|Any CPU
		{D8C1A105-C0E7-4D21-9DF4-2E665E02C429}.Debug|Any CPU.ActiveCfg = Debug|Any CPU
		{D8C1A105-C0E7-4D21-9DF4-2E665E02C429}.Debug|Any CPU.Build.0 = Debug|Any CPU
		{D8C1A105-C0E7-4D21-9DF4-2E665E02C429}.Release|Any CPU.ActiveCfg = Release|Any CPU
		{D8C1A105-C0E7-4D21-9DF4-2E665E02C429}.Release|Any CPU.Build.0 = Release|Any CPU
		{1EF6CAE9-A577-4505-8AF2-0F2BB666F230}.Debug|Any CPU.ActiveCfg = Debug|Any CPU
		{1EF6CAE9-A577-4505-8AF2-0F2BB666F230}.Debug|Any CPU.Build.0 = Debug|Any CPU
		{1EF6CAE9-A577-4505-8AF2-0F2BB666F230}.Release|Any CPU.ActiveCfg = Release|Any CPU
		{1EF6CAE9-A577-4505-8AF2-0F2BB666F230}.Release|Any CPU.Build.0 = Release|Any CPU
		{FEED9D13-2C81-4D48-BB82-FF2B3ED45016}.Debug|Any CPU.ActiveCfg = Debug|Any CPU
		{FEED9D13-2C81-4D48-BB82-FF2B3ED45016}.Debug|Any CPU.Build.0 = Debug|Any CPU
		{FEED9D13-2C81-4D48-BB82-FF2B3ED45016}.Release|Any CPU.ActiveCfg = Release|Any CPU
		{FEED9D13-2C81-4D48-BB82-FF2B3ED45016}.Release|Any CPU.Build.0 = Release|Any CPU
		{14265659-A5A9-41BE-B8DD-8D07441FD148}.Debug|Any CPU.ActiveCfg = Debug|Any CPU
		{14265659-A5A9-41BE-B8DD-8D07441FD148}.Debug|Any CPU.Build.0 = Debug|Any CPU
		{14265659-A5A9-41BE-B8DD-8D07441FD148}.Release|Any CPU.ActiveCfg = Release|Any CPU
		{14265659-A5A9-41BE-B8DD-8D07441FD148}.Release|Any CPU.Build.0 = Release|Any CPU
		{2BA1636F-A3E6-4786-9F20-9544304D49B0}.Debug|Any CPU.ActiveCfg = Debug|Any CPU
		{2BA1636F-A3E6-4786-9F20-9544304D49B0}.Debug|Any CPU.Build.0 = Debug|Any CPU
		{2BA1636F-A3E6-4786-9F20-9544304D49B0}.Release|Any CPU.ActiveCfg = Release|Any CPU
		{2BA1636F-A3E6-4786-9F20-9544304D49B0}.Release|Any CPU.Build.0 = Release|Any CPU
	EndGlobalSection
	GlobalSection(SolutionProperties) = preSolution
		HideSolutionNode = FALSE
	EndGlobalSection
	GlobalSection(NestedProjects) = preSolution
		{3E55D714-1E68-43ED-9E27-65E58F0F168C} = {E62116DA-9F4F-42D3-8B52-3D2024D6661D}
		{8DC933CF-941F-4DD4-9E21-744101652419} = {3E55D714-1E68-43ED-9E27-65E58F0F168C}
		{9A8D94C5-CE7E-496F-86E5-B37781E2D9D2} = {E62116DA-9F4F-42D3-8B52-3D2024D6661D}
		{FA285461-297F-4B89-B3E0-B60B1B6E0A5A} = {9A8D94C5-CE7E-496F-86E5-B37781E2D9D2}
		{D3B242C6-4BCA-4838-B348-B29D30CBAAC1} = {E62116DA-9F4F-42D3-8B52-3D2024D6661D}
		{F5624895-7445-418A-AA20-00BBE283CEEF} = {D3B242C6-4BCA-4838-B348-B29D30CBAAC1}
		{A610EDEB-458E-4916-BE7E-73928A14C787} = {E62116DA-9F4F-42D3-8B52-3D2024D6661D}
		{660F7244-696C-41D0-8E93-C93879652549} = {A610EDEB-458E-4916-BE7E-73928A14C787}
		{1482D382-CAAD-45A9-86DD-60FCB5C3E5F5} = {E62116DA-9F4F-42D3-8B52-3D2024D6661D}
		{E0CA16E6-A403-4A89-B796-EE36DAEA704A} = {1482D382-CAAD-45A9-86DD-60FCB5C3E5F5}
		{CB44836B-FDDA-4286-ADBE-D38C25C1A20A} = {E62116DA-9F4F-42D3-8B52-3D2024D6661D}
		{D33BFD1D-EA61-4EC1-A6FE-DEF194C4A672} = {CB44836B-FDDA-4286-ADBE-D38C25C1A20A}
		{CEDEFF9B-8C2E-4398-88FE-EBAD7855A30F} = {E62116DA-9F4F-42D3-8B52-3D2024D6661D}
		{A03C9116-2F21-48E1-9BD4-37EA7C567E4E} = {CEDEFF9B-8C2E-4398-88FE-EBAD7855A30F}
		{CC14239A-5BB6-4802-A7B1-006E3B0AB0C9} = {CEDEFF9B-8C2E-4398-88FE-EBAD7855A30F}
		{89F981C6-20B3-4AEA-8568-E4243B8AD89E} = {E62116DA-9F4F-42D3-8B52-3D2024D6661D}
		{8B82AB58-6CBE-4745-A7EC-964CB9001E56} = {89F981C6-20B3-4AEA-8568-E4243B8AD89E}
		{B6ECA987-944C-452A-9610-CBA422960FF7} = {E62116DA-9F4F-42D3-8B52-3D2024D6661D}
		{246EF1DA-50EE-4CC1-9426-ABED709529B6} = {B6ECA987-944C-452A-9610-CBA422960FF7}
		{0C300715-BAFD-421C-A4B0-D921FC959EC5} = {E62116DA-9F4F-42D3-8B52-3D2024D6661D}
		{556BC8CA-8C7F-4D9F-8259-8E68F8C2B2A8} = {0C300715-BAFD-421C-A4B0-D921FC959EC5}
		{0912619C-0B25-48C0-AC5E-F35FBAC80049} = {E62116DA-9F4F-42D3-8B52-3D2024D6661D}
		{AF199442-810B-42CC-B063-C1258E0ECA3C} = {0912619C-0B25-48C0-AC5E-F35FBAC80049}
		{63179082-5BA5-44D4-B3F9-59AF1D88B20F} = {0912619C-0B25-48C0-AC5E-F35FBAC80049}
		{A3657FD5-9953-469B-8488-CD24AFD459E6} = {0912619C-0B25-48C0-AC5E-F35FBAC80049}
		{173EB86E-7FD9-4AB5-BB53-465934CD72C3} = {0912619C-0B25-48C0-AC5E-F35FBAC80049}
		{6D104641-5933-4BCE-8DC8-983187128197} = {E62116DA-9F4F-42D3-8B52-3D2024D6661D}
		{874DD577-9970-4C02-A042-5D19A624984C} = {6D104641-5933-4BCE-8DC8-983187128197}
		{A3887C7E-553C-4E65-A280-761D68FD6D0A} = {E62116DA-9F4F-42D3-8B52-3D2024D6661D}
		{F49AFCFB-2614-4CB9-A401-B223C928DAD0} = {A3887C7E-553C-4E65-A280-761D68FD6D0A}
		{425CEB65-1616-4E54-AFC8-521CAC979202} = {A3887C7E-553C-4E65-A280-761D68FD6D0A}
		{E5F7A2BD-FDEC-4521-AF0B-EAED0D230E61} = {A3887C7E-553C-4E65-A280-761D68FD6D0A}
		{D8C1A105-C0E7-4D21-9DF4-2E665E02C429} = {A3887C7E-553C-4E65-A280-761D68FD6D0A}
		{065939AF-155E-4C9C-B0B3-472E75F39C0C} = {E62116DA-9F4F-42D3-8B52-3D2024D6661D}
		{1EF6CAE9-A577-4505-8AF2-0F2BB666F230} = {065939AF-155E-4C9C-B0B3-472E75F39C0C}
		{B6BA1C53-1250-48FE-9BCC-B0663CDD33C6} = {E62116DA-9F4F-42D3-8B52-3D2024D6661D}
		{FEED9D13-2C81-4D48-BB82-FF2B3ED45016} = {B6BA1C53-1250-48FE-9BCC-B0663CDD33C6}
		{CD5233E5-9FF3-462D-AA5D-6DC8E52793DC} = {E62116DA-9F4F-42D3-8B52-3D2024D6661D}
		{14265659-A5A9-41BE-B8DD-8D07441FD148} = {CD5233E5-9FF3-462D-AA5D-6DC8E52793DC}
		{D827B875-3A39-488A-882C-1A6E34C4F2C3} = {E62116DA-9F4F-42D3-8B52-3D2024D6661D}
		{2BA1636F-A3E6-4786-9F20-9544304D49B0} = {D827B875-3A39-488A-882C-1A6E34C4F2C3}
	EndGlobalSection
EndGlobal
