
Microsoft Visual Studio Solution File, Format Version 12.00
# Visual Studio Version 17
VisualStudioVersion = 17.0.31903.59
MinimumVisualStudioVersion = 10.0.40219.1
Project("{2150E333-8FDC-42A3-9474-1A3956D46DE8}") = "Services", "Services", "{E62116DA-9F4F-42D3-8B52-3D2024D6661D}"
EndProject
Project("{2150E333-8FDC-42A3-9474-1A3956D46DE8}") = "BazarChe.Catalog", "BazarChe.Catalog", "{3E55D714-1E68-43ED-9E27-65E58F0F168C}"
EndProject
Project("{9A19103F-16F7-4668-BE54-9A1E7A4F7556}") = "Catalog.Api", "Services\BazarChe.Catalog\Catalog.Api\Catalog.Api.csproj", "{8DC933CF-941F-4DD4-9E21-744101652419}"
EndProject
Project("{E53339B2-1760-4266-BCC7-CA923CBCF16C}") = "docker-compose", "docker-compose.dcproj", "{105D77CC-44F7-4739-B667-47EB4EA3688E}"
EndProject
Project("{2150E333-8FDC-42A3-9474-1A3956D46DE8}") = "BazarChe.Media", "BazarChe.Media", "{9A8D94C5-CE7E-496F-86E5-B37781E2D9D2}"
EndProject
Project("{FAE04EC0-301F-11D3-BF4B-00C04F79EFBC}") = "Media.Api", "Services\BazarChe.Media\Media.Api\Media.Api.csproj", "{FA285461-297F-4B89-B3E0-B60B1B6E0A5A}"
EndProject
Project("{2150E333-8FDC-42A3-9474-1A3956D46DE8}") = "BazarChe.Liaro", "BazarChe.Liaro", "{D3B242C6-4BCA-4838-B348-B29D30CBAAC1}"
EndProject
Project("{FAE04EC0-301F-11D3-BF4B-00C04F79EFBC}") = "Liaro.Api", "Services\BazarChe.Liaro\Liaro.Api\Liaro.Api.csproj", "{F5624895-7445-418A-AA20-00BBE283CEEF}"
EndProject
Project("{2150E333-8FDC-42A3-9474-1A3956D46DE8}") = "BazarChe.Affiliate", "BazarChe.Affiliate", "{A610EDEB-458E-4916-BE7E-73928A14C787}"
EndProject
Project("{FAE04EC0-301F-11D3-BF4B-00C04F79EFBC}") = "Affiliate.Api", "Services\BazarChe.Affiliate\Affiliate.Api\Affiliate.Api.csproj", "{660F7244-696C-41D0-8E93-C93879652549}"
EndProject
Project("{2150E333-8FDC-42A3-9474-1A3956D46DE8}") = "BazarChe.Basket", "BazarChe.Basket", "{1482D382-CAAD-45A9-86DD-60FCB5C3E5F5}"
EndProject
Project("{FAE04EC0-301F-11D3-BF4B-00C04F79EFBC}") = "Basket.Api", "Services\BazarChe.Basket\Basket.Api\Basket.Api.csproj", "{E0CA16E6-A403-4A89-B796-EE36DAEA704A}"
EndProject
Project("{2150E333-8FDC-42A3-9474-1A3956D46DE8}") = "BazarChe.Chat", "BazarChe.Chat", "{CB44836B-FDDA-4286-ADBE-D38C25C1A20A}"
EndProject
Project("{FAE04EC0-301F-11D3-BF4B-00C04F79EFBC}") = "Chat.Api", "Services\BazarChe.Chat\Chat.Api\Chat.Api.csproj", "{D33BFD1D-EA61-4EC1-A6FE-DEF194C4A672}"
EndProject
Project("{2150E333-8FDC-42A3-9474-1A3956D46DE8}") = "BazarChe.Discount", "BazarChe.Discount", "{CEDEFF9B-8C2E-4398-88FE-EBAD7855A30F}"
EndProject
Project("{FAE04EC0-301F-11D3-BF4B-00C04F79EFBC}") = "Discount.Api", "Services\BazarChe.Discount\Discount.Api\Discount.Api.csproj", "{A03C9116-2F21-48E1-9BD4-37EA7C567E4E}"
EndProject
Project("{FAE04EC0-301F-11D3-BF4B-00C04F79EFBC}") = "Discount.Grpc", "Services\BazarChe.Discount\Discount.Grpc\Discount.Grpc.csproj", "{CC14239A-5BB6-4802-A7B1-006E3B0AB0C9}"
EndProject
Global
	GlobalSection(SolutionConfigurationPlatforms) = preSolution
		Debug|Any CPU = Debug|Any CPU
		Release|Any CPU = Release|Any CPU
	EndGlobalSection
	GlobalSection(ProjectConfigurationPlatforms) = postSolution
		{8DC933CF-941F-4DD4-9E21-744101652419}.Debug|Any CPU.ActiveCfg = Debug|Any CPU
		{8DC933CF-941F-4DD4-9E21-744101652419}.Debug|Any CPU.Build.0 = Debug|Any CPU
		{8DC933CF-941F-4DD4-9E21-744101652419}.Release|Any CPU.ActiveCfg = Release|Any CPU
		{8DC933CF-941F-4DD4-9E21-744101652419}.Release|Any CPU.Build.0 = Release|Any CPU
		{105D77CC-44F7-4739-B667-47EB4EA3688E}.Debug|Any CPU.ActiveCfg = Debug|Any CPU
		{105D77CC-44F7-4739-B667-47EB4EA3688E}.Debug|Any CPU.Build.0 = Debug|Any CPU
		{105D77CC-44F7-4739-B667-47EB4EA3688E}.Release|Any CPU.ActiveCfg = Release|Any CPU
		{105D77CC-44F7-4739-B667-47EB4EA3688E}.Release|Any CPU.Build.0 = Release|Any CPU
		{FA285461-297F-4B89-B3E0-B60B1B6E0A5A}.Debug|Any CPU.ActiveCfg = Debug|Any CPU
		{FA285461-297F-4B89-B3E0-B60B1B6E0A5A}.Debug|Any CPU.Build.0 = Debug|Any CPU
		{FA285461-297F-4B89-B3E0-B60B1B6E0A5A}.Release|Any CPU.ActiveCfg = Release|Any CPU
		{FA285461-297F-4B89-B3E0-B60B1B6E0A5A}.Release|Any CPU.Build.0 = Release|Any CPU
		{F5624895-7445-418A-AA20-00BBE283CEEF}.Debug|Any CPU.ActiveCfg = Debug|Any CPU
		{F5624895-7445-418A-AA20-00BBE283CEEF}.Debug|Any CPU.Build.0 = Debug|Any CPU
		{F5624895-7445-418A-AA20-00BBE283CEEF}.Release|Any CPU.ActiveCfg = Release|Any CPU
		{F5624895-7445-418A-AA20-00BBE283CEEF}.Release|Any CPU.Build.0 = Release|Any CPU
		{660F7244-696C-41D0-8E93-C93879652549}.Debug|Any CPU.ActiveCfg = Debug|Any CPU
		{660F7244-696C-41D0-8E93-C93879652549}.Debug|Any CPU.Build.0 = Debug|Any CPU
		{660F7244-696C-41D0-8E93-C93879652549}.Release|Any CPU.ActiveCfg = Release|Any CPU
		{660F7244-696C-41D0-8E93-C93879652549}.Release|Any CPU.Build.0 = Release|Any CPU
		{E0CA16E6-A403-4A89-B796-EE36DAEA704A}.Debug|Any CPU.ActiveCfg = Debug|Any CPU
		{E0CA16E6-A403-4A89-B796-EE36DAEA704A}.Debug|Any CPU.Build.0 = Debug|Any CPU
		{E0CA16E6-A403-4A89-B796-EE36DAEA704A}.Release|Any CPU.ActiveCfg = Release|Any CPU
		{E0CA16E6-A403-4A89-B796-EE36DAEA704A}.Release|Any CPU.Build.0 = Release|Any CPU
		{D33BFD1D-EA61-4EC1-A6FE-DEF194C4A672}.Debug|Any CPU.ActiveCfg = Debug|Any CPU
		{D33BFD1D-EA61-4EC1-A6FE-DEF194C4A672}.Debug|Any CPU.Build.0 = Debug|Any CPU
		{D33BFD1D-EA61-4EC1-A6FE-DEF194C4A672}.Release|Any CPU.ActiveCfg = Release|Any CPU
		{D33BFD1D-EA61-4EC1-A6FE-DEF194C4A672}.Release|Any CPU.Build.0 = Release|Any CPU
		{A03C9116-2F21-48E1-9BD4-37EA7C567E4E}.Debug|Any CPU.ActiveCfg = Debug|Any CPU
		{A03C9116-2F21-48E1-9BD4-37EA7C567E4E}.Debug|Any CPU.Build.0 = Debug|Any CPU
		{A03C9116-2F21-48E1-9BD4-37EA7C567E4E}.Release|Any CPU.ActiveCfg = Release|Any CPU
		{A03C9116-2F21-48E1-9BD4-37EA7C567E4E}.Release|Any CPU.Build.0 = Release|Any CPU
		{CC14239A-5BB6-4802-A7B1-006E3B0AB0C9}.Debug|Any CPU.ActiveCfg = Debug|Any CPU
		{CC14239A-5BB6-4802-A7B1-006E3B0AB0C9}.Debug|Any CPU.Build.0 = Debug|Any CPU
		{CC14239A-5BB6-4802-A7B1-006E3B0AB0C9}.Release|Any CPU.ActiveCfg = Release|Any CPU
		{CC14239A-5BB6-4802-A7B1-006E3B0AB0C9}.Release|Any CPU.Build.0 = Release|Any CPU
	EndGlobalSection
	GlobalSection(SolutionProperties) = preSolution
		HideSolutionNode = FALSE
	EndGlobalSection
	GlobalSection(NestedProjects) = preSolution
		{3E55D714-1E68-43ED-9E27-65E58F0F168C} = {E62116DA-9F4F-42D3-8B52-3D2024D6661D}
		{8DC933CF-941F-4DD4-9E21-744101652419} = {3E55D714-1E68-43ED-9E27-65E58F0F168C}
		{9A8D94C5-CE7E-496F-86E5-B37781E2D9D2} = {E62116DA-9F4F-42D3-8B52-3D2024D6661D}
		{FA285461-297F-4B89-B3E0-B60B1B6E0A5A} = {9A8D94C5-CE7E-496F-86E5-B37781E2D9D2}
		{D3B242C6-4BCA-4838-B348-B29D30CBAAC1} = {E62116DA-9F4F-42D3-8B52-3D2024D6661D}
		{F5624895-7445-418A-AA20-00BBE283CEEF} = {D3B242C6-4BCA-4838-B348-B29D30CBAAC1}
		{A610EDEB-458E-4916-BE7E-73928A14C787} = {E62116DA-9F4F-42D3-8B52-3D2024D6661D}
		{660F7244-696C-41D0-8E93-C93879652549} = {A610EDEB-458E-4916-BE7E-73928A14C787}
		{1482D382-CAAD-45A9-86DD-60FCB5C3E5F5} = {E62116DA-9F4F-42D3-8B52-3D2024D6661D}
		{E0CA16E6-A403-4A89-B796-EE36DAEA704A} = {1482D382-CAAD-45A9-86DD-60FCB5C3E5F5}
		{CB44836B-FDDA-4286-ADBE-D38C25C1A20A} = {E62116DA-9F4F-42D3-8B52-3D2024D6661D}
		{D33BFD1D-EA61-4EC1-A6FE-DEF194C4A672} = {CB44836B-FDDA-4286-ADBE-D38C25C1A20A}
		{CEDEFF9B-8C2E-4398-88FE-EBAD7855A30F} = {E62116DA-9F4F-42D3-8B52-3D2024D6661D}
		{A03C9116-2F21-48E1-9BD4-37EA7C567E4E} = {CEDEFF9B-8C2E-4398-88FE-EBAD7855A30F}
		{CC14239A-5BB6-4802-A7B1-006E3B0AB0C9} = {CEDEFF9B-8C2E-4398-88FE-EBAD7855A30F}
	EndGlobalSection
EndGlobal
